# This file is automatically @generated by Cargo.
# It is not intended for manual editing.
version = 4

[[package]]
name = "rt_ipc"
version = "0.1.0"

[[package]]
name = "userdemo"
version = "0.1.0"
dependencies = [
 "rt_ipc",
]

[[package]]
name = "usertest"
version = "0.1.0"
dependencies = [
 "rt_ipc",
]
